
Microsoft Visual Studio Solution File, Format Version 12.00
# Visual Studio Version 16
VisualStudioVersion = 16.0.33801.447
MinimumVisualStudioVersion = 10.0.40219.1
Project("{FAE04EC0-301F-11D3-BF4B-00C04F79EFBC}") = "He_thong_kinh_doanh_Pizza", "Hệ thống quản lí kinh doanh bán hàng\He_thong_kinh_doanh_Pizza.csproj", "{6C9A8FD1-3688-49F9-81A1-0DBDE74CBC6B}"
EndProject
Global
	GlobalSection(SolutionConfigurationPlatforms) = preSolution
		Debug|Any CPU = Debug|Any CPU
		Release|Any CPU = Release|Any CPU
	EndGlobalSection
	GlobalSection(ProjectConfigurationPlatforms) = postSolution
		{6C9A8FD1-3688-49F9-81A1-0DBDE74CBC6B}.Debug|Any CPU.ActiveCfg = Debug|Any CPU
		{6C9A8FD1-3688-49F9-81A1-0DBDE74CBC6B}.Debug|Any CPU.Build.0 = Debug|Any CPU
		{6C9A8FD1-3688-49F9-81A1-0DBDE74CBC6B}.Release|Any CPU.ActiveCfg = Release|Any CPU
		{6C9A8FD1-3688-49F9-81A1-0DBDE74CBC6B}.Release|Any CPU.Build.0 = Release|Any CPU
	EndGlobalSection
	GlobalSection(SolutionProperties) = preSolution
		HideSolutionNode = FALSE
	EndGlobalSection
	GlobalSection(ExtensibilityGlobals) = postSolution
		SolutionGuid = {11B12972-22DC-4454-AB8A-46D35D7FBD80}
	EndGlobalSection
EndGlobal
